
Microsoft Visual Studio Solution File, Format Version 12.00
# Visual Studio Version 17
VisualStudioVersion = 17.9.34728.123
MinimumVisualStudioVersion = 10.0.40219.1
Project("{FAE04EC0-301F-11D3-BF4B-00C04F79EFBC}") = "ComerciPlus", "ComerciPlus.csproj", "{D721D32C-E1A2-4675-9C95-D0F52DA909AD}"
EndProject
Global
	GlobalSection(SolutionConfigurationPlatforms) = preSolution
		Debug|Any CPU = Debug|Any CPU
		Release|Any CPU = Release|Any CPU
	EndGlobalSection
	GlobalSection(ProjectConfigurationPlatforms) = postSolution
		{D721D32C-E1A2-4675-9C95-D0F52DA909AD}.Debug|Any CPU.ActiveCfg = Debug|Any CPU
		{D721D32C-E1A2-4675-9C95-D0F52DA909AD}.Debug|Any CPU.Build.0 = Debug|Any CPU
		{D721D32C-E1A2-4675-9C95-D0F52DA909AD}.Release|Any CPU.ActiveCfg = Release|Any CPU
		{D721D32C-E1A2-4675-9C95-D0F52DA909AD}.Release|Any CPU.Build.0 = Release|Any CPU
	EndGlobalSection
	GlobalSection(SolutionProperties) = preSolution
		HideSolutionNode = FALSE
	EndGlobalSection
	GlobalSection(ExtensibilityGlobals) = postSolution
		SolutionGuid = {E6D86509-67F1-4E06-8E7E-450B5129D8FC}
	EndGlobalSection
EndGlobal
